
Microsoft Visual Studio Solution File, Format Version 12.00
# Visual Studio 15
VisualStudioVersion = 15.0.28307.645
MinimumVisualStudioVersion = 10.0.40219.1
Project("{FAE04EC0-301F-11D3-BF4B-00C04F79EFBC}") = "AutoBoard", "AutoBoard\AutoBoard.csproj", "{C5BE99F5-1DAD-4E20-99DD-474567892498}"
EndProject
Project("{FAE04EC0-301F-11D3-BF4B-00C04F79EFBC}") = "AutoBoard.Domain", "AutoBoard.Domain\AutoBoard.Domain.csproj", "{C447BBC6-7788-476E-BFCB-86AD1D45FD84}"
EndProject
Project("{FAE04EC0-301F-11D3-BF4B-00C04F79EFBC}") = "AutoBoard.DAL", "AutoBoard.DAL\AutoBoard.DAL.csproj", "{4DFBD2DE-042A-4F18-B86E-5A6A82BE656B}"
EndProject
Project("{FAE04EC0-301F-11D3-BF4B-00C04F79EFBC}") = "AutoBoard.Service", "AutoBoard.Service\AutoBoard.Service.csproj", "{1A1C0B59-4769-4137-B836-62D61723C7C5}"
EndProject
Project("{FAE04EC0-301F-11D3-BF4B-00C04F79EFBC}") = "AutoBoard.Test", "AutoBoard.Test\AutoBoard.Test.csproj", "{40C66EA1-4BE5-4ABD-907D-4799F8A489FF}"
EndProject
Global
	GlobalSection(SolutionConfigurationPlatforms) = preSolution
		Debug|Any CPU = Debug|Any CPU
		Release|Any CPU = Release|Any CPU
	EndGlobalSection
	GlobalSection(ProjectConfigurationPlatforms) = postSolution
		{C5BE99F5-1DAD-4E20-99DD-474567892498}.Debug|Any CPU.ActiveCfg = Debug|Any CPU
		{C5BE99F5-1DAD-4E20-99DD-474567892498}.Debug|Any CPU.Build.0 = Debug|Any CPU
		{C5BE99F5-1DAD-4E20-99DD-474567892498}.Release|Any CPU.ActiveCfg = Release|Any CPU
		{C5BE99F5-1DAD-4E20-99DD-474567892498}.Release|Any CPU.Build.0 = Release|Any CPU
		{C447BBC6-7788-476E-BFCB-86AD1D45FD84}.Debug|Any CPU.ActiveCfg = Debug|Any CPU
		{C447BBC6-7788-476E-BFCB-86AD1D45FD84}.Debug|Any CPU.Build.0 = Debug|Any CPU
		{C447BBC6-7788-476E-BFCB-86AD1D45FD84}.Release|Any CPU.ActiveCfg = Release|Any CPU
		{C447BBC6-7788-476E-BFCB-86AD1D45FD84}.Release|Any CPU.Build.0 = Release|Any CPU
		{4DFBD2DE-042A-4F18-B86E-5A6A82BE656B}.Debug|Any CPU.ActiveCfg = Debug|Any CPU
		{4DFBD2DE-042A-4F18-B86E-5A6A82BE656B}.Debug|Any CPU.Build.0 = Debug|Any CPU
		{4DFBD2DE-042A-4F18-B86E-5A6A82BE656B}.Release|Any CPU.ActiveCfg = Release|Any CPU
		{4DFBD2DE-042A-4F18-B86E-5A6A82BE656B}.Release|Any CPU.Build.0 = Release|Any CPU
		{1A1C0B59-4769-4137-B836-62D61723C7C5}.Debug|Any CPU.ActiveCfg = Debug|Any CPU
		{1A1C0B59-4769-4137-B836-62D61723C7C5}.Debug|Any CPU.Build.0 = Debug|Any CPU
		{1A1C0B59-4769-4137-B836-62D61723C7C5}.Release|Any CPU.ActiveCfg = Release|Any CPU
		{1A1C0B59-4769-4137-B836-62D61723C7C5}.Release|Any CPU.Build.0 = Release|Any CPU
		{40C66EA1-4BE5-4ABD-907D-4799F8A489FF}.Debug|Any CPU.ActiveCfg = Debug|Any CPU
		{40C66EA1-4BE5-4ABD-907D-4799F8A489FF}.Debug|Any CPU.Build.0 = Debug|Any CPU
		{40C66EA1-4BE5-4ABD-907D-4799F8A489FF}.Release|Any CPU.ActiveCfg = Release|Any CPU
		{40C66EA1-4BE5-4ABD-907D-4799F8A489FF}.Release|Any CPU.Build.0 = Release|Any CPU
	EndGlobalSection
	GlobalSection(SolutionProperties) = preSolution
		HideSolutionNode = FALSE
	EndGlobalSection
	GlobalSection(ExtensibilityGlobals) = postSolution
		SolutionGuid = {F88E5ECF-2427-40DE-B633-FF3F01EBA2B7}
	EndGlobalSection
EndGlobal
